PODS:
  - STPrivilegedTask (1.0.1)

DEPENDENCIES:
  - STPrivilegedTask (~> 1.0.1)

SPEC REPOS:
  https://github.com/cocoapods/specs.git:
    - STPrivilegedTask

SPEC CHECKSUMS:
  STPrivilegedTask: 103f97827454e786074640cf89d303be344498c7

PODFILE CHECKSUM: d09c075f78c5d5c740c921fb6207fbfebbcd6c7f

COCOAPODS: 1.5.3
