// !$*UTF8*$!
{
	archiveVersion = 1;
	classes = {
	};
	objectVersion = 51;
	objects = {

/* Begin PBXBuildFile section */
		872395D62171DD9000B6FE27 /* KIHelperAgrumentController.m in Sources */ = {isa = PBXBuildFile; fileRef = 872395D52171DD9000B6FE27 /* KIHelperAgrumentController.m */; };
		872395E22171E55700B6FE27 /* main.m in Sources */ = {isa = PBXBuildFile; fileRef = 872395E12171E55700B6FE27 /* main.m */; };
		873DFC492174966000B33DB5 /* MarkdownToHTML.m in Sources */ = {isa = PBXBuildFile; fileRef = 873DFC482174966000B33DB5 /* MarkdownToHTML.m */; };
		875032EA21341C8800F5278D /* ConfigKextVersionControl.m in Sources */ = {isa = PBXBuildFile; fileRef = 875032E921341C8800F5278D /* ConfigKextVersionControl.m */; };
		875032ED2135049C00F5278D /* WebKit.framework in Frameworks */ = {isa = PBXBuildFile; fileRef = 875032EC2135049C00F5278D /* WebKit.framework */; };
		875564CA21D6AAAE0040E9F4 /* Preferences.xib in Resources */ = {isa = PBXBuildFile; fileRef = 875564C921D6AAAE0040E9F4 /* Preferences.xib */; };
		875564CE21D6AB190040E9F4 /* PreferencesWindowController.m in Sources */ = {isa = PBXBuildFile; fileRef = 875564CC21D6AB190040E9F4 /* PreferencesWindowController.m */; };
		876056B021EB273300FC78AD /* PreferencesHandler.m in Sources */ = {isa = PBXBuildFile; fileRef = 876056AF21EB273300FC78AD /* PreferencesHandler.m */; };
		876056B221EB28DC00FC78AD /* PreferencesHandler.m in Sources */ = {isa = PBXBuildFile; fileRef = 876056AF21EB273300FC78AD /* PreferencesHandler.m */; };
		876BD994212DFC2D00D10B9D /* ConfigAuthor.m in Sources */ = {isa = PBXBuildFile; fileRef = 876BD993212DFC2D00D10B9D /* ConfigAuthor.m */; };
		876BD997212E11A800D10B9D /* ConfigVersionControl.m in Sources */ = {isa = PBXBuildFile; fileRef = 876BD996212E11A800D10B9D /* ConfigVersionControl.m */; };
		876BD99A212EB94700D10B9D /* ConfigMacOSVersionControl.m in Sources */ = {isa = PBXBuildFile; fileRef = 876BD999212EB94700D10B9D /* ConfigMacOSVersionControl.m */; };
		8773B715212BFD730096BFCC /* AppDelegate.m in Sources */ = {isa = PBXBuildFile; fileRef = 8773B714212BFD730096BFCC /* AppDelegate.m */; };
		8773B717212BFD760096BFCC /* Assets.xcassets in Resources */ = {isa = PBXBuildFile; fileRef = 8773B716212BFD760096BFCC /* Assets.xcassets */; };
		8773B71A212BFD760096BFCC /* MainMenu.xib in Resources */ = {isa = PBXBuildFile; fileRef = 8773B718212BFD760096BFCC /* MainMenu.xib */; };
		8773B71D212BFD760096BFCC /* main.m in Sources */ = {isa = PBXBuildFile; fileRef = 8773B71C212BFD760096BFCC /* main.m */; };
		8773B726212BFF0F0096BFCC /* KextHandler.m in Sources */ = {isa = PBXBuildFile; fileRef = 8773B725212BFF0F0096BFCC /* KextHandler.m */; };
		87753DD021D1AF9E0072FCAC /* KextHandler.m in Sources */ = {isa = PBXBuildFile; fileRef = 8773B725212BFF0F0096BFCC /* KextHandler.m */; };
		87753DD121D1AFF50072FCAC /* JSONParser.m in Sources */ = {isa = PBXBuildFile; fileRef = 87F2485821395BBF0069DFC2 /* JSONParser.m */; };
		87753DD221D1AFFF0072FCAC /* Task.m in Sources */ = {isa = PBXBuildFile; fileRef = 87BB857E21308177007F4D29 /* Task.m */; };
		87753DD321D1B0060072FCAC /* PCI.m in Sources */ = {isa = PBXBuildFile; fileRef = 879F60982141FE380059D0ED /* PCI.m */; };
		87753DD421D1B00D0072FCAC /* utils.m in Sources */ = {isa = PBXBuildFile; fileRef = 879F609C21423C070059D0ED /* utils.m */; };
		87753DD521D1B0250072FCAC /* ConfigAuthor.m in Sources */ = {isa = PBXBuildFile; fileRef = 876BD993212DFC2D00D10B9D /* ConfigAuthor.m */; };
		87753DD621D1B02B0072FCAC /* ConfigVersionControl.m in Sources */ = {isa = PBXBuildFile; fileRef = 876BD996212E11A800D10B9D /* ConfigVersionControl.m */; };
		87753DD721D1B02F0072FCAC /* ConfigMacOSVersionControl.m in Sources */ = {isa = PBXBuildFile; fileRef = 876BD999212EB94700D10B9D /* ConfigMacOSVersionControl.m */; };
		87753DD821D1B0340072FCAC /* KextConfig.m in Sources */ = {isa = PBXBuildFile; fileRef = 87BB8576212FB567007F4D29 /* KextConfig.m */; };
		87753DD921D1B0390072FCAC /* ConfigKextVersionControl.m in Sources */ = {isa = PBXBuildFile; fileRef = 875032E921341C8800F5278D /* ConfigKextVersionControl.m */; };
		87753DDA21D1B0430072FCAC /* ConfigSuggestion.m in Sources */ = {isa = PBXBuildFile; fileRef = 87F2485B21399D650069DFC2 /* ConfigSuggestion.m */; };
		87753DDB21D1B0500072FCAC /* ConfigRequirments.m in Sources */ = {isa = PBXBuildFile; fileRef = 879F6093214112E10059D0ED /* ConfigRequirments.m */; };
		87753DDC21D1B05A0072FCAC /* ConfigBinary.m in Sources */ = {isa = PBXBuildFile; fileRef = 87FAC53321486B6A00DAA453 /* ConfigBinary.m */; };
		87753DDF21D2238E0072FCAC /* KextAction.m in Sources */ = {isa = PBXBuildFile; fileRef = 87753DCC21D132920072FCAC /* KextAction.m */; };
		877CDB6D21390C6900176777 /* MMMarkdown.framework in Frameworks */ = {isa = PBXBuildFile; fileRef = 877CDB6B2139093E00176777 /* MMMarkdown.framework */; };
		877CDB7021390CA500176777 /* MMMarkdown.framework in Embed Frameworks */ = {isa = PBXBuildFile; fileRef = 877CDB6E21390CA500176777 /* MMMarkdown.framework */; settings = {ATTRIBUTES = (CodeSignOnCopy, RemoveHeadersOnCopy, ); }; };
		877CDB7321390E8E00176777 /* github-markdown.css in Resources */ = {isa = PBXBuildFile; fileRef = 877CDB7221390E8E00176777 /* github-markdown.css */; };
		87897BAE21D8AE2600BB0CEE /* Preferences.m in Sources */ = {isa = PBXBuildFile; fileRef = 87897BAD21D8AE2600BB0CEE /* Preferences.m */; };
		879F6094214112E10059D0ED /* ConfigRequirments.m in Sources */ = {isa = PBXBuildFile; fileRef = 879F6093214112E10059D0ED /* ConfigRequirments.m */; };
		879F609A2141FE390059D0ED /* PCI.m in Sources */ = {isa = PBXBuildFile; fileRef = 879F60982141FE380059D0ED /* PCI.m */; };
		879F609D21423C070059D0ED /* utils.m in Sources */ = {isa = PBXBuildFile; fileRef = 879F609C21423C070059D0ED /* utils.m */; };
		87A6384421FFF9F900EEE1AA /* ZSSUserDefaults.m in Sources */ = {isa = PBXBuildFile; fileRef = 87A6384321FFF9F900EEE1AA /* ZSSUserDefaults.m */; };
		87A6384521FFF9F900EEE1AA /* ZSSUserDefaults.m in Sources */ = {isa = PBXBuildFile; fileRef = 87A6384321FFF9F900EEE1AA /* ZSSUserDefaults.m */; };
		87BB8577212FB567007F4D29 /* KextConfig.m in Sources */ = {isa = PBXBuildFile; fileRef = 87BB8576212FB567007F4D29 /* KextConfig.m */; };
		87BB8579212FC0CD007F4D29 /* git in Resources */ = {isa = PBXBuildFile; fileRef = 87BB8578212FC0CD007F4D29 /* git */; };
		87BB858021308177007F4D29 /* Task.m in Sources */ = {isa = PBXBuildFile; fileRef = 87BB857E21308177007F4D29 /* Task.m */; };
		87E3DC9E21D348BD00462D27 /* ConfigTarget.m in Sources */ = {isa = PBXBuildFile; fileRef = 87E3DC9D21D348BD00462D27 /* ConfigTarget.m */; };
		87E3DC9F21D348BD00462D27 /* ConfigTarget.m in Sources */ = {isa = PBXBuildFile; fileRef = 87E3DC9D21D348BD00462D27 /* ConfigTarget.m */; };
		87F1AC5E21E795E30091CD04 /* About.xib in Resources */ = {isa = PBXBuildFile; fileRef = 87F1AC5D21E795E30091CD04 /* About.xib */; };
		87F1AC6121E7A1D90091CD04 /* AboutWindowController.m in Sources */ = {isa = PBXBuildFile; fileRef = 87F1AC6021E7A1D90091CD04 /* AboutWindowController.m */; };
		87F1AC6321E7AE5D0091CD04 /* KEXT.icns in Resources */ = {isa = PBXBuildFile; fileRef = 87F1AC6221E7AE5C0091CD04 /* KEXT.icns */; };
		87F2485921395BBF0069DFC2 /* JSONParser.m in Sources */ = {isa = PBXBuildFile; fileRef = 87F2485821395BBF0069DFC2 /* JSONParser.m */; };
		87F2485C21399D650069DFC2 /* ConfigSuggestion.m in Sources */ = {isa = PBXBuildFile; fileRef = 87F2485B21399D650069DFC2 /* ConfigSuggestion.m */; };
		87FAC53421486B6A00DAA453 /* ConfigBinary.m in Sources */ = {isa = PBXBuildFile; fileRef = 87FAC53321486B6A00DAA453 /* ConfigBinary.m */; };
/* End PBXBuildFile section */

/* Begin PBXCopyFilesBuildPhase section */
		872395DD2171E55700B6FE27 /* CopyFiles */ = {
			isa = PBXCopyFilesBuildPhase;
			buildActionMask = 2147483647;
			dstPath = /usr/share/man/man1;
			dstSubfolderSpec = 0;
			files = (
			);
			runOnlyForDeploymentPostprocessing = 1;
		};
		877CDB7121390CA500176777 /* Embed Frameworks */ = {
			isa = PBXCopyFilesBuildPhase;
			buildActionMask = 2147483647;
			dstPath = "";
			dstSubfolderSpec = 10;
			files = (
				877CDB7021390CA500176777 /* MMMarkdown.framework in Embed Frameworks */,
			);
			name = "Embed Frameworks";
			runOnlyForDeploymentPostprocessing = 0;
		};
/* End PBXCopyFilesBuildPhase section */

/* Begin PBXFileReference section */
		872395D42171DD8600B6FE27 /* KIHelperAgrumentController.h */ = {isa = PBXFileReference; lastKnownFileType = sourcecode.c.h; path = KIHelperAgrumentController.h; sourceTree = "<group>"; };
		872395D52171DD9000B6FE27 /* KIHelperAgrumentController.m */ = {isa = PBXFileReference; lastKnownFileType = sourcecode.c.objc; path = KIHelperAgrumentController.m; sourceTree = "<group>"; };
		872395DF2171E55700B6FE27 /* AdvanceKextUpdaterHelper */ = {isa = PBXFileReference; explicitFileType = "compiled.mach-o.executable"; includeInIndex = 0; path = AdvanceKextUpdaterHelper; sourceTree = BUILT_PRODUCTS_DIR; };
		872395E12171E55700B6FE27 /* main.m */ = {isa = PBXFileReference; lastKnownFileType = sourcecode.c.objc; path = main.m; sourceTree = "<group>"; };
		873DFC472174965400B33DB5 /* MarkdownToHTML.h */ = {isa = PBXFileReference; lastKnownFileType = sourcecode.c.h; path = MarkdownToHTML.h; sourceTree = "<group>"; };
		873DFC482174966000B33DB5 /* MarkdownToHTML.m */ = {isa = PBXFileReference; lastKnownFileType = sourcecode.c.objc; path = MarkdownToHTML.m; sourceTree = "<group>"; };
		875032E821341C3300F5278D /* ConfigKextVersionControl.h */ = {isa = PBXFileReference; lastKnownFileType = sourcecode.c.h; path = ConfigKextVersionControl.h; sourceTree = "<group>"; };
		875032E921341C8800F5278D /* ConfigKextVersionControl.m */ = {isa = PBXFileReference; lastKnownFileType = sourcecode.c.objc; path = ConfigKextVersionControl.m; sourceTree = "<group>"; };
		875032EC2135049C00F5278D /* WebKit.framework */ = {isa = PBXFileReference; lastKnownFileType = wrapper.framework; name = WebKit.framework; path = System/Library/Frameworks/WebKit.framework; sourceTree = SDKROOT; };
		875564C921D6AAAE0040E9F4 /* Preferences.xib */ = {isa = PBXFileReference; lastKnownFileType = file.xib; path = Preferences.xib; sourceTree = "<group>"; };
		875564CB21D6AB190040E9F4 /* PreferencesWindowController.h */ = {isa = PBXFileReference; lastKnownFileType = sourcecode.c.h; path = PreferencesWindowController.h; sourceTree = "<group>"; };
		875564CC21D6AB190040E9F4 /* PreferencesWindowController.m */ = {isa = PBXFileReference; lastKnownFileType = sourcecode.c.objc; path = PreferencesWindowController.m; sourceTree = "<group>"; };
		876056AE21EB273300FC78AD /* PreferencesHandler.h */ = {isa = PBXFileReference; lastKnownFileType = sourcecode.c.h; name = PreferencesHandler.h; path = Shared/PreferencesHandler.h; sourceTree = SOURCE_ROOT; };
		876056AF21EB273300FC78AD /* PreferencesHandler.m */ = {isa = PBXFileReference; lastKnownFileType = sourcecode.c.objc; name = PreferencesHandler.m; path = Shared/PreferencesHandler.m; sourceTree = SOURCE_ROOT; };
		876BD992212DFC1700D10B9D /* ConfigAuthor.h */ = {isa = PBXFileReference; lastKnownFileType = sourcecode.c.h; path = ConfigAuthor.h; sourceTree = "<group>"; };
		876BD993212DFC2D00D10B9D /* ConfigAuthor.m */ = {isa = PBXFileReference; lastKnownFileType = sourcecode.c.objc; path = ConfigAuthor.m; sourceTree = "<group>"; };
		876BD995212E066F00D10B9D /* ConfigVersionControl.h */ = {isa = PBXFileReference; lastKnownFileType = sourcecode.c.h; path = ConfigVersionControl.h; sourceTree = "<group>"; };
		876BD996212E11A800D10B9D /* ConfigVersionControl.m */ = {isa = PBXFileReference; lastKnownFileType = sourcecode.c.objc; path = ConfigVersionControl.m; sourceTree = "<group>"; };
		876BD998212EB93B00D10B9D /* ConfigMacOSVersionControl.h */ = {isa = PBXFileReference; lastKnownFileType = sourcecode.c.h; path = ConfigMacOSVersionControl.h; sourceTree = "<group>"; };
		876BD999212EB94700D10B9D /* ConfigMacOSVersionControl.m */ = {isa = PBXFileReference; lastKnownFileType = sourcecode.c.objc; path = ConfigMacOSVersionControl.m; sourceTree = "<group>"; };
		8773B710212BFD730096BFCC /* AdvanceKextUpdater.app */ = {isa = PBXFileReference; explicitFileType = wrapper.application; includeInIndex = 0; path = AdvanceKextUpdater.app; sourceTree = BUILT_PRODUCTS_DIR; };
		8773B713212BFD730096BFCC /* AppDelegate.h */ = {isa = PBXFileReference; lastKnownFileType = sourcecode.c.h; path = AppDelegate.h; sourceTree = "<group>"; };
		8773B714212BFD730096BFCC /* AppDelegate.m */ = {isa = PBXFileReference; lastKnownFileType = sourcecode.c.objc; path = AppDelegate.m; sourceTree = "<group>"; };
		8773B716212BFD760096BFCC /* Assets.xcassets */ = {isa = PBXFileReference; lastKnownFileType = folder.assetcatalog; path = Assets.xcassets; sourceTree = "<group>"; };
		8773B71B212BFD760096BFCC /* Info.plist */ = {isa = PBXFileReference; lastKnownFileType = text.plist.xml; path = Info.plist; sourceTree = "<group>"; };
		8773B71C212BFD760096BFCC /* main.m */ = {isa = PBXFileReference; lastKnownFileType = sourcecode.c.objc; path = main.m; sourceTree = "<group>"; };
		8773B71E212BFD760096BFCC /* AdvanceKextUpdater.entitlements */ = {isa = PBXFileReference; lastKnownFileType = text.plist.entitlements; path = AdvanceKextUpdater.entitlements; sourceTree = "<group>"; };
		8773B724212BFEE40096BFCC /* KextHandler.h */ = {isa = PBXFileReference; lastKnownFileType = sourcecode.c.h; path = KextHandler.h; sourceTree = "<group>"; };
		8773B725212BFF0F0096BFCC /* KextHandler.m */ = {isa = PBXFileReference; lastKnownFileType = sourcecode.c.objc; path = KextHandler.m; sourceTree = "<group>"; };
		8773B729212BFF4C0096BFCC /* en */ = {isa = PBXFileReference; lastKnownFileType = file.xib; name = en; path = en.lproj/MainMenu.xib; sourceTree = "<group>"; };
		87753DCB21D132820072FCAC /* KextAction.h */ = {isa = PBXFileReference; lastKnownFileType = sourcecode.c.h; path = KextAction.h; sourceTree = "<group>"; };
		87753DCC21D132920072FCAC /* KextAction.m */ = {isa = PBXFileReference; lastKnownFileType = sourcecode.c.objc; path = KextAction.m; sourceTree = "<group>"; };
		87753DDD21D1B5620072FCAC /* PrefixHeader.pch */ = {isa = PBXFileReference; lastKnownFileType = sourcecode.c.h; path = PrefixHeader.pch; sourceTree = "<group>"; };
		877CDB69213908FA00176777 /* MMMarkdown.framework */ = {isa = PBXFileReference; lastKnownFileType = wrapper.framework; name = MMMarkdown.framework; path = ../../../../Downloads/Carthage/Build/Mac/MMMarkdown.framework; sourceTree = "<group>"; };
		877CDB6B2139093E00176777 /* MMMarkdown.framework */ = {isa = PBXFileReference; lastKnownFileType = wrapper.framework; path = MMMarkdown.framework; sourceTree = "<group>"; };
		877CDB6E21390CA500176777 /* MMMarkdown.framework */ = {isa = PBXFileReference; lastKnownFileType = wrapper.framework; path = MMMarkdown.framework; sourceTree = "<group>"; };
		877CDB7221390E8E00176777 /* github-markdown.css */ = {isa = PBXFileReference; lastKnownFileType = text.css; path = "github-markdown.css"; sourceTree = "<group>"; };
		87897BAC21D8AE2600BB0CEE /* Preferences.h */ = {isa = PBXFileReference; lastKnownFileType = sourcecode.c.h; path = Preferences.h; sourceTree = "<group>"; };
		87897BAD21D8AE2600BB0CEE /* Preferences.m */ = {isa = PBXFileReference; lastKnownFileType = sourcecode.c.objc; path = Preferences.m; sourceTree = "<group>"; };
		879F6092214112D80059D0ED /* ConfigRequirments.h */ = {isa = PBXFileReference; lastKnownFileType = sourcecode.c.h; path = ConfigRequirments.h; sourceTree = "<group>"; };
		879F6093214112E10059D0ED /* ConfigRequirments.m */ = {isa = PBXFileReference; lastKnownFileType = sourcecode.c.objc; path = ConfigRequirments.m; sourceTree = "<group>"; };
		879F6095214144900059D0ED /* README.md */ = {isa = PBXFileReference; fileEncoding = 4; lastKnownFileType = net.daringfireball.markdown; name = README.md; path = ../README.md; sourceTree = "<group>"; };
		879F60982141FE380059D0ED /* PCI.m */ = {isa = PBXFileReference; fileEncoding = 4; lastKnownFileType = sourcecode.c.objc; path = PCI.m; sourceTree = "<group>"; };
		879F60992141FE390059D0ED /* PCI.h */ = {isa = PBXFileReference; fileEncoding = 4; lastKnownFileType = sourcecode.c.h; path = PCI.h; sourceTree = "<group>"; };
		879F609C21423C070059D0ED /* utils.m */ = {isa = PBXFileReference; lastKnownFileType = sourcecode.c.objc; path = utils.m; sourceTree = "<group>"; };
		879F609E2142A4CE0059D0ED /* utils.h */ = {isa = PBXFileReference; lastKnownFileType = sourcecode.c.h; path = utils.h; sourceTree = "<group>"; };
		87A6384221FFF9F900EEE1AA /* ZSSUserDefaults.h */ = {isa = PBXFileReference; fileEncoding = 4; lastKnownFileType = sourcecode.c.h; name = ZSSUserDefaults.h; path = ZSSUserDefaults/ZSSUserDefaults.h; sourceTree = "<group>"; };
		87A6384321FFF9F900EEE1AA /* ZSSUserDefaults.m */ = {isa = PBXFileReference; fileEncoding = 4; lastKnownFileType = sourcecode.c.objc; name = ZSSUserDefaults.m; path = ZSSUserDefaults/ZSSUserDefaults.m; sourceTree = "<group>"; };
		87BB8575212FB55E007F4D29 /* KextConfig.h */ = {isa = PBXFileReference; lastKnownFileType = sourcecode.c.h; path = KextConfig.h; sourceTree = "<group>"; };
		87BB8576212FB567007F4D29 /* KextConfig.m */ = {isa = PBXFileReference; lastKnownFileType = sourcecode.c.objc; path = KextConfig.m; sourceTree = "<group>"; };
		87BB8578212FC0CD007F4D29 /* git */ = {isa = PBXFileReference; lastKnownFileType = "compiled.mach-o.executable"; path = git; sourceTree = "<group>"; };
		87BB857A212FF1C3007F4D29 /* PrefixHeader.pch */ = {isa = PBXFileReference; lastKnownFileType = sourcecode.c.h; path = PrefixHeader.pch; sourceTree = "<group>"; };
		87BB857D21302CD9007F4D29 /* JSONParser.h */ = {isa = PBXFileReference; lastKnownFileType = sourcecode.c.h; path = JSONParser.h; sourceTree = "<group>"; };
		87BB857E21308177007F4D29 /* Task.m */ = {isa = PBXFileReference; fileEncoding = 4; lastKnownFileType = sourcecode.c.objc; path = Task.m; sourceTree = "<group>"; };
		87BB857F21308177007F4D29 /* Task.h */ = {isa = PBXFileReference; fileEncoding = 4; lastKnownFileType = sourcecode.c.h; path = Task.h; sourceTree = "<group>"; };
		87E3DC9C21D348A800462D27 /* ConfigTarget.h */ = {isa = PBXFileReference; lastKnownFileType = sourcecode.c.h; path = ConfigTarget.h; sourceTree = "<group>"; };
		87E3DC9D21D348BD00462D27 /* ConfigTarget.m */ = {isa = PBXFileReference; lastKnownFileType = sourcecode.c.objc; path = ConfigTarget.m; sourceTree = "<group>"; };
		87F1AC5D21E795E30091CD04 /* About.xib */ = {isa = PBXFileReference; lastKnownFileType = file.xib; path = About.xib; sourceTree = "<group>"; };
		87F1AC5F21E7A1D90091CD04 /* AboutWindowController.h */ = {isa = PBXFileReference; lastKnownFileType = sourcecode.c.h; path = AboutWindowController.h; sourceTree = "<group>"; };
		87F1AC6021E7A1D90091CD04 /* AboutWindowController.m */ = {isa = PBXFileReference; lastKnownFileType = sourcecode.c.objc; path = AboutWindowController.m; sourceTree = "<group>"; };
		87F1AC6221E7AE5C0091CD04 /* KEXT.icns */ = {isa = PBXFileReference; lastKnownFileType = image.icns; path = KEXT.icns; sourceTree = "<group>"; };
		87F2485821395BBF0069DFC2 /* JSONParser.m */ = {isa = PBXFileReference; lastKnownFileType = sourcecode.c.objc; path = JSONParser.m; sourceTree = "<group>"; };
		87F2485A21399D5A0069DFC2 /* ConfigSuggestion.h */ = {isa = PBXFileReference; lastKnownFileType = sourcecode.c.h; path = ConfigSuggestion.h; sourceTree = "<group>"; };
		87F2485B21399D650069DFC2 /* ConfigSuggestion.m */ = {isa = PBXFileReference; lastKnownFileType = sourcecode.c.objc; path = ConfigSuggestion.m; sourceTree = "<group>"; };
		87FAC53221486B5E00DAA453 /* ConfigBinary.h */ = {isa = PBXFileReference; lastKnownFileType = sourcecode.c.h; path = ConfigBinary.h; sourceTree = "<group>"; };
		87FAC53321486B6A00DAA453 /* ConfigBinary.m */ = {isa = PBXFileReference; lastKnownFileType = sourcecode.c.objc; path = ConfigBinary.m; sourceTree = "<group>"; };
		87FAC5372148FD4100DAA453 /* CacheController.h */ = {isa = PBXFileReference; lastKnownFileType = sourcecode.c.h; path = CacheController.h; sourceTree = "<group>"; };
/* End PBXFileReference section */

/* Begin PBXFrameworksBuildPhase section */
		872395DC2171E55700B6FE27 /* Frameworks */ = {
			isa = PBXFrameworksBuildPhase;
			buildActionMask = 2147483647;
			files = (
			);
			runOnlyForDeploymentPostprocessing = 0;
		};
		8773B70D212BFD730096BFCC /* Frameworks */ = {
			isa = PBXFrameworksBuildPhase;
			buildActionMask = 2147483647;
			files = (
				877CDB6D21390C6900176777 /* MMMarkdown.framework in Frameworks */,
				875032ED2135049C00F5278D /* WebKit.framework in Frameworks */,
			);
			runOnlyForDeploymentPostprocessing = 0;
		};
/* End PBXFrameworksBuildPhase section */

/* Begin PBXGroup section */
		872395E02171E55700B6FE27 /* AdvanceKextUpdaterHelper */ = {
			isa = PBXGroup;
			children = (
				872395E12171E55700B6FE27 /* main.m */,
				87753DCB21D132820072FCAC /* KextAction.h */,
				87753DCC21D132920072FCAC /* KextAction.m */,
				87753DDD21D1B5620072FCAC /* PrefixHeader.pch */,
			);
			path = AdvanceKextUpdaterHelper;
			sourceTree = "<group>";
		};
		875032EB2135049B00F5278D /* Frameworks */ = {
			isa = PBXGroup;
			children = (
				877CDB69213908FA00176777 /* MMMarkdown.framework */,
				877CDB6B2139093E00176777 /* MMMarkdown.framework */,
				877CDB6E21390CA500176777 /* MMMarkdown.framework */,
				875032EC2135049C00F5278D /* WebKit.framework */,
			);
			name = Frameworks;
			sourceTree = "<group>";
		};
		876056B121EB275000FC78AD /* Shared */ = {
			isa = PBXGroup;
			children = (
				87A6384221FFF9F900EEE1AA /* ZSSUserDefaults.h */,
				87A6384321FFF9F900EEE1AA /* ZSSUserDefaults.m */,
				876056AE21EB273300FC78AD /* PreferencesHandler.h */,
				876056AF21EB273300FC78AD /* PreferencesHandler.m */,
			);
			path = Shared;
			sourceTree = "<group>";
		};
		876BD991212DFBD600D10B9D /* Config Related */ = {
			isa = PBXGroup;
			children = (
				876BD992212DFC1700D10B9D /* ConfigAuthor.h */,
				876BD993212DFC2D00D10B9D /* ConfigAuthor.m */,
				876BD995212E066F00D10B9D /* ConfigVersionControl.h */,
				876BD996212E11A800D10B9D /* ConfigVersionControl.m */,
				876BD998212EB93B00D10B9D /* ConfigMacOSVersionControl.h */,
				876BD999212EB94700D10B9D /* ConfigMacOSVersionControl.m */,
				87BB8575212FB55E007F4D29 /* KextConfig.h */,
				87BB8576212FB567007F4D29 /* KextConfig.m */,
				875032E821341C3300F5278D /* ConfigKextVersionControl.h */,
				875032E921341C8800F5278D /* ConfigKextVersionControl.m */,
				87F2485A21399D5A0069DFC2 /* ConfigSuggestion.h */,
				87F2485B21399D650069DFC2 /* ConfigSuggestion.m */,
				879F6092214112D80059D0ED /* ConfigRequirments.h */,
				879F6093214112E10059D0ED /* ConfigRequirments.m */,
				87FAC53221486B5E00DAA453 /* ConfigBinary.h */,
				87FAC53321486B6A00DAA453 /* ConfigBinary.m */,
				87E3DC9C21D348A800462D27 /* ConfigTarget.h */,
				87E3DC9D21D348BD00462D27 /* ConfigTarget.m */,
			);
			name = "Config Related";
			sourceTree = "<group>";
		};
		8773B707212BFD730096BFCC = {
			isa = PBXGroup;
			children = (
				876056B121EB275000FC78AD /* Shared */,
				879F6095214144900059D0ED /* README.md */,
				8773B712212BFD730096BFCC /* AdvanceKextUpdater */,
				872395E02171E55700B6FE27 /* AdvanceKextUpdaterHelper */,
				875032EB2135049B00F5278D /* Frameworks */,
				8773B711212BFD730096BFCC /* Products */,
			);
			sourceTree = "<group>";
		};
		8773B711212BFD730096BFCC /* Products */ = {
			isa = PBXGroup;
			children = (
				8773B710212BFD730096BFCC /* AdvanceKextUpdater.app */,
				872395DF2171E55700B6FE27 /* AdvanceKextUpdaterHelper */,
			);
			name = Products;
			sourceTree = "<group>";
		};
		8773B712212BFD730096BFCC /* AdvanceKextUpdater */ = {
			isa = PBXGroup;
			children = (
				87F1AC6221E7AE5C0091CD04 /* KEXT.icns */,
				8786030A21D4927C00DC40CC /* Windows */,
				879F609B21423B490059D0ED /* Utils */,
				877CDB74213918CE00176777 /* Resources */,
				876BD991212DFBD600D10B9D /* Config Related */,
				8773B713212BFD730096BFCC /* AppDelegate.h */,
				8773B714212BFD730096BFCC /* AppDelegate.m */,
				875564C921D6AAAE0040E9F4 /* Preferences.xib */,
				8773B718212BFD760096BFCC /* MainMenu.xib */,
				87F1AC5D21E795E30091CD04 /* About.xib */,
				8773B71B212BFD760096BFCC /* Info.plist */,
				8773B71C212BFD760096BFCC /* main.m */,
				8773B71E212BFD760096BFCC /* AdvanceKextUpdater.entitlements */,
				8773B724212BFEE40096BFCC /* KextHandler.h */,
				8773B725212BFF0F0096BFCC /* KextHandler.m */,
				87BB857A212FF1C3007F4D29 /* PrefixHeader.pch */,
				872395D42171DD8600B6FE27 /* KIHelperAgrumentController.h */,
				872395D52171DD9000B6FE27 /* KIHelperAgrumentController.m */,
			);
			path = AdvanceKextUpdater;
			sourceTree = "<group>";
		};
		877CDB74213918CE00176777 /* Resources */ = {
			isa = PBXGroup;
			children = (
				8773B716212BFD760096BFCC /* Assets.xcassets */,
				877CDB7221390E8E00176777 /* github-markdown.css */,
				87BB8578212FC0CD007F4D29 /* git */,
			);
			name = Resources;
			sourceTree = "<group>";
		};
		8786030A21D4927C00DC40CC /* Windows */ = {
			isa = PBXGroup;
			children = (
				875564CB21D6AB190040E9F4 /* PreferencesWindowController.h */,
				875564CC21D6AB190040E9F4 /* PreferencesWindowController.m */,
				87897BAC21D8AE2600BB0CEE /* Preferences.h */,
				87897BAD21D8AE2600BB0CEE /* Preferences.m */,
				87F1AC5F21E7A1D90091CD04 /* AboutWindowController.h */,
				87F1AC6021E7A1D90091CD04 /* AboutWindowController.m */,
			);
			path = Windows;
			sourceTree = "<group>";
		};
		879F609B21423B490059D0ED /* Utils */ = {
			isa = PBXGroup;
			children = (
				87F2485821395BBF0069DFC2 /* JSONParser.m */,
				87BB857D21302CD9007F4D29 /* JSONParser.h */,
				87BB857F21308177007F4D29 /* Task.h */,
				87BB857E21308177007F4D29 /* Task.m */,
				879F60992141FE390059D0ED /* PCI.h */,
				879F60982141FE380059D0ED /* PCI.m */,
				879F609E2142A4CE0059D0ED /* utils.h */,
				879F609C21423C070059D0ED /* utils.m */,
				87FAC5372148FD4100DAA453 /* CacheController.h */,
				873DFC472174965400B33DB5 /* MarkdownToHTML.h */,
				873DFC482174966000B33DB5 /* MarkdownToHTML.m */,
			);
			name = Utils;
			sourceTree = "<group>";
		};
/* End PBXGroup section */

/* Begin PBXNativeTarget section */
		872395DE2171E55700B6FE27 /* AdvanceKextUpdaterHelper */ = {
			isa = PBXNativeTarget;
			buildConfigurationList = 872395E32171E55700B6FE27 /* Build configuration list for PBXNativeTarget "AdvanceKextUpdaterHelper" */;
			buildPhases = (
				872395DB2171E55700B6FE27 /* Sources */,
				872395DC2171E55700B6FE27 /* Frameworks */,
				872395DD2171E55700B6FE27 /* CopyFiles */,
			);
			buildRules = (
			);
			dependencies = (
			);
			name = AdvanceKextUpdaterHelper;
			productName = AdvanceKextUpdaterHelper;
			productReference = 872395DF2171E55700B6FE27 /* AdvanceKextUpdaterHelper */;
			productType = "com.apple.product-type.tool";
		};
		8773B70F212BFD730096BFCC /* AdvanceKextUpdater */ = {
			isa = PBXNativeTarget;
			buildConfigurationList = 8773B721212BFD760096BFCC /* Build configuration list for PBXNativeTarget "AdvanceKextUpdater" */;
			buildPhases = (
				8773B70C212BFD730096BFCC /* Sources */,
				8773B70D212BFD730096BFCC /* Frameworks */,
				8773B70E212BFD730096BFCC /* Resources */,
				877CDB7121390CA500176777 /* Embed Frameworks */,
			);
			buildRules = (
			);
			dependencies = (
			);
			name = AdvanceKextUpdater;
			productName = AdvanceKextUpdater;
			productReference = 8773B710212BFD730096BFCC /* AdvanceKextUpdater.app */;
			productType = "com.apple.product-type.application";
		};
/* End PBXNativeTarget section */

/* Begin PBXProject section */
		8773B708212BFD730096BFCC /* Project object */ = {
			isa = PBXProject;
			attributes = {
				LastUpgradeCheck = 1000;
				ORGANIZATIONNAME = "Muntashir Al-Islam";
				TargetAttributes = {
					872395DE2171E55700B6FE27 = {
						CreatedOnToolsVersion = 10.0;
					};
					8773B70F212BFD730096BFCC = {
						CreatedOnToolsVersion = 9.4.1;
					};
				};
			};
			buildConfigurationList = 8773B70B212BFD730096BFCC /* Build configuration list for PBXProject "AdvanceKextUpdater" */;
			compatibilityVersion = "Xcode 10.0";
			developmentRegion = en;
			hasScannedForEncodings = 0;
			knownRegions = (
				en,
				Base,
			);
			mainGroup = 8773B707212BFD730096BFCC;
			productRefGroup = 8773B711212BFD730096BFCC /* Products */;
			projectDirPath = "";
			projectRoot = "";
			targets = (
				8773B70F212BFD730096BFCC /* AdvanceKextUpdater */,
				872395DE2171E55700B6FE27 /* AdvanceKextUpdaterHelper */,
			);
		};
/* End PBXProject section */

/* Begin PBXResourcesBuildPhase section */
		8773B70E212BFD730096BFCC /* Resources */ = {
			isa = PBXResourcesBuildPhase;
			buildActionMask = 2147483647;
			files = (
				8773B717212BFD760096BFCC /* Assets.xcassets in Resources */,
				877CDB7321390E8E00176777 /* github-markdown.css in Resources */,
				8773B71A212BFD760096BFCC /* MainMenu.xib in Resources */,
				87F1AC5E21E795E30091CD04 /* About.xib in Resources */,
				875564CA21D6AAAE0040E9F4 /* Preferences.xib in Resources */,
				87F1AC6321E7AE5D0091CD04 /* KEXT.icns in Resources */,
				87BB8579212FC0CD007F4D29 /* git in Resources */,
			);
			runOnlyForDeploymentPostprocessing = 0;
		};
/* End PBXResourcesBuildPhase section */

/* Begin PBXSourcesBuildPhase section */
		872395DB2171E55700B6FE27 /* Sources */ = {
			isa = PBXSourcesBuildPhase;
			buildActionMask = 2147483647;
			files = (
				87753DD321D1B0060072FCAC /* PCI.m in Sources */,
				87753DDF21D2238E0072FCAC /* KextAction.m in Sources */,
				876056B221EB28DC00FC78AD /* PreferencesHandler.m in Sources */,
				87753DD221D1AFFF0072FCAC /* Task.m in Sources */,
				87753DD921D1B0390072FCAC /* ConfigKextVersionControl.m in Sources */,
				87753DD721D1B02F0072FCAC /* ConfigMacOSVersionControl.m in Sources */,
				87753DD521D1B0250072FCAC /* ConfigAuthor.m in Sources */,
				87E3DC9F21D348BD00462D27 /* ConfigTarget.m in Sources */,
				87753DDC21D1B05A0072FCAC /* ConfigBinary.m in Sources */,
				87A6384521FFF9F900EEE1AA /* ZSSUserDefaults.m in Sources */,
				87753DD821D1B0340072FCAC /* KextConfig.m in Sources */,
				872395E22171E55700B6FE27 /* main.m in Sources */,
				87753DD421D1B00D0072FCAC /* utils.m in Sources */,
				87753DDB21D1B0500072FCAC /* ConfigRequirments.m in Sources */,
				87753DDA21D1B0430072FCAC /* ConfigSuggestion.m in Sources */,
				87753DD121D1AFF50072FCAC /* JSONParser.m in Sources */,
				87753DD021D1AF9E0072FCAC /* KextHandler.m in Sources */,
				87753DD621D1B02B0072FCAC /* ConfigVersionControl.m in Sources */,
			);
			runOnlyForDeploymentPostprocessing = 0;
		};
		8773B70C212BFD730096BFCC /* Sources */ = {
			isa = PBXSourcesBuildPhase;
			buildActionMask = 2147483647;
			files = (
				879F609D21423C070059D0ED /* utils.m in Sources */,
				87BB858021308177007F4D29 /* Task.m in Sources */,
				872395D62171DD9000B6FE27 /* KIHelperAgrumentController.m in Sources */,
				876BD994212DFC2D00D10B9D /* ConfigAuthor.m in Sources */,
				87A6384421FFF9F900EEE1AA /* ZSSUserDefaults.m in Sources */,
				879F6094214112E10059D0ED /* ConfigRequirments.m in Sources */,
				87FAC53421486B6A00DAA453 /* ConfigBinary.m in Sources */,
				87BB8577212FB567007F4D29 /* KextConfig.m in Sources */,
				87F2485C21399D650069DFC2 /* ConfigSuggestion.m in Sources */,
				876BD99A212EB94700D10B9D /* ConfigMacOSVersionControl.m in Sources */,
				876056B021EB273300FC78AD /* PreferencesHandler.m in Sources */,
				873DFC492174966000B33DB5 /* MarkdownToHTML.m in Sources */,
				87E3DC9E21D348BD00462D27 /* ConfigTarget.m in Sources */,
				876BD997212E11A800D10B9D /* ConfigVersionControl.m in Sources */,
				8773B71D212BFD760096BFCC /* main.m in Sources */,
				87F2485921395BBF0069DFC2 /* JSONParser.m in Sources */,
				87F1AC6121E7A1D90091CD04 /* AboutWindowController.m in Sources */,
				87897BAE21D8AE2600BB0CEE /* Preferences.m in Sources */,
				875564CE21D6AB190040E9F4 /* PreferencesWindowController.m in Sources */,
				8773B715212BFD730096BFCC /* AppDelegate.m in Sources */,
				879F609A2141FE390059D0ED /* PCI.m in Sources */,
				875032EA21341C8800F5278D /* ConfigKextVersionControl.m in Sources */,
				8773B726212BFF0F0096BFCC /* KextHandler.m in Sources */,
			);
			runOnlyForDeploymentPostprocessing = 0;
		};
/* End PBXSourcesBuildPhase section */

/* Begin PBXVariantGroup section */
		8773B718212BFD760096BFCC /* MainMenu.xib */ = {
			isa = PBXVariantGroup;
			children = (
				8773B729212BFF4C0096BFCC /* en */,
			);
			name = MainMenu.xib;
			sourceTree = "<group>";
		};
/* End PBXVariantGroup section */

/* Begin XCBuildConfiguration section */
		872395E42171E55700B6FE27 /* Debug */ = {
			isa = XCBuildConfiguration;
			buildSettings = {
				CLANG_CXX_LANGUAGE_STANDARD = "gnu++14";
				CLANG_ENABLE_OBJC_WEAK = YES;
				CODE_SIGN_STYLE = Automatic;
				CONFIGURATION_BUILD_DIR = /Applications/AdvanceKextUpdater.app/Contents/Resources;
				DEVELOPMENT_TEAM = 6X692P9AQ8;
				GCC_PREFIX_HEADER = "$(SRCROOT)/AdvanceKextUpdaterHelper/PrefixHeader.pch";
				MACOSX_DEPLOYMENT_TARGET = 10.7;
				MTL_ENABLE_DEBUG_INFO = INCLUDE_SOURCE;
				MTL_FAST_MATH = YES;
				PRODUCT_NAME = "$(TARGET_NAME)";
			};
			name = Debug;
		};
		872395E52171E55700B6FE27 /* Release */ = {
			isa = XCBuildConfiguration;
			buildSettings = {
				CLANG_CXX_LANGUAGE_STANDARD = "gnu++14";
				CLANG_ENABLE_OBJC_WEAK = YES;
				CODE_SIGN_STYLE = Automatic;
				CONFIGURATION_BUILD_DIR = /Applications/AdvanceKextUpdater.app/Contents/Resources;
				DEVELOPMENT_TEAM = 6X692P9AQ8;
				GCC_PREFIX_HEADER = "$(SRCROOT)/AdvanceKextUpdaterHelper/PrefixHeader.pch";
				MACOSX_DEPLOYMENT_TARGET = 10.7;
				MTL_FAST_MATH = YES;
				PRODUCT_NAME = "$(TARGET_NAME)";
			};
			name = Release;
		};
		8773B71F212BFD760096BFCC /* Debug */ = {
			isa = XCBuildConfiguration;
			buildSettings = {
				ALWAYS_SEARCH_USER_PATHS = NO;
				CLANG_ANALYZER_NONNULL = YES;
				CLANG_ANALYZER_NUMBER_OBJECT_CONVERSION = YES_AGGRESSIVE;
				CLANG_CXX_LANGUAGE_STANDARD = "gnu++0x";
				CLANG_CXX_LIBRARY = "libc++";
				CLANG_ENABLE_MODULES = YES;
				CLANG_ENABLE_OBJC_ARC = YES;
				CLANG_ENABLE_OBJC_WEAK = NO;
				CLANG_WARN_BLOCK_CAPTURE_AUTORELEASING = YES;
				CLANG_WARN_BOOL_CONVERSION = YES;
				CLANG_WARN_COMMA = YES;
				CLANG_WARN_CONSTANT_CONVERSION = YES;
				CLANG_WARN_DEPRECATED_OBJC_IMPLEMENTATIONS = YES;
				CLANG_WARN_DIRECT_OBJC_ISA_USAGE = YES_ERROR;
				CLANG_WARN_DOCUMENTATION_COMMENTS = YES;
				CLANG_WARN_EMPTY_BODY = YES;
				CLANG_WARN_ENUM_CONVERSION = YES;
				CLANG_WARN_INFINITE_RECURSION = YES;
				CLANG_WARN_INT_CONVERSION = YES;
				CLANG_WARN_NON_LITERAL_NULL_CONVERSION = YES;
				CLANG_WARN_OBJC_IMPLICIT_RETAIN_SELF = YES;
				CLANG_WARN_OBJC_LITERAL_CONVERSION = YES;
				CLANG_WARN_OBJC_ROOT_CLASS = YES_ERROR;
				CLANG_WARN_RANGE_LOOP_ANALYSIS = YES;
				CLANG_WARN_STRICT_PROTOTYPES = YES;
				CLANG_WARN_SUSPICIOUS_MOVE = YES;
				CLANG_WARN_UNGUARDED_AVAILABILITY = YES_AGGRESSIVE;
				CLANG_WARN_UNREACHABLE_CODE = YES;
				CLANG_WARN__DUPLICATE_METHOD_MATCH = YES;
				CODE_SIGN_IDENTITY = "Mac Developer";
				COPY_PHASE_STRIP = NO;
				CURRENT_PROJECT_VERSION = 4;
				DEBUG_INFORMATION_FORMAT = dwarf;
				ENABLE_STRICT_OBJC_MSGSEND = YES;
				ENABLE_TESTABILITY = YES;
				GCC_C_LANGUAGE_STANDARD = gnu11;
				GCC_DYNAMIC_NO_PIC = NO;
				GCC_NO_COMMON_BLOCKS = YES;
				GCC_OPTIMIZATION_LEVEL = 0;
				GCC_PREPROCESSOR_DEFINITIONS = (
					"DEBUG=1",
					"$(inherited)",
				);
				GCC_WARN_64_TO_32_BIT_CONVERSION = YES;
				GCC_WARN_ABOUT_RETURN_TYPE = YES_ERROR;
				GCC_WARN_UNDECLARED_SELECTOR = YES;
				GCC_WARN_UNINITIALIZED_AUTOS = YES_AGGRESSIVE;
				GCC_WARN_UNUSED_FUNCTION = YES;
				GCC_WARN_UNUSED_VARIABLE = YES;
				MACOSX_DEPLOYMENT_TARGET = 10.7;
				MTL_ENABLE_DEBUG_INFO = YES;
				ONLY_ACTIVE_ARCH = YES;
				SDKROOT = macosx;
				VERSION_INFO_PREFIX = "";
			};
			name = Debug;
		};
		8773B720212BFD760096BFCC /* Release */ = {
			isa = XCBuildConfiguration;
			buildSettings = {
				ALWAYS_SEARCH_USER_PATHS = NO;
				CLANG_ANALYZER_NONNULL = YES;
				CLANG_ANALYZER_NUMBER_OBJECT_CONVERSION = YES_AGGRESSIVE;
				CLANG_CXX_LANGUAGE_STANDARD = "gnu++0x";
				CLANG_CXX_LIBRARY = "libc++";
				CLANG_ENABLE_MODULES = YES;
				CLANG_ENABLE_OBJC_ARC = YES;
				CLANG_ENABLE_OBJC_WEAK = NO;
				CLANG_WARN_BLOCK_CAPTURE_AUTORELEASING = YES;
				CLANG_WARN_BOOL_CONVERSION = YES;
				CLANG_WARN_COMMA = YES;
				CLANG_WARN_CONSTANT_CONVERSION = YES;
				CLANG_WARN_DEPRECATED_OBJC_IMPLEMENTATIONS = YES;
				CLANG_WARN_DIRECT_OBJC_ISA_USAGE = YES_ERROR;
				CLANG_WARN_DOCUMENTATION_COMMENTS = YES;
				CLANG_WARN_EMPTY_BODY = YES;
				CLANG_WARN_ENUM_CONVERSION = YES;
				CLANG_WARN_INFINITE_RECURSION = YES;
				CLANG_WARN_INT_CONVERSION = YES;
				CLANG_WARN_NON_LITERAL_NULL_CONVERSION = YES;
				CLANG_WARN_OBJC_IMPLICIT_RETAIN_SELF = YES;
				CLANG_WARN_OBJC_LITERAL_CONVERSION = YES;
				CLANG_WARN_OBJC_ROOT_CLASS = YES_ERROR;
				CLANG_WARN_RANGE_LOOP_ANALYSIS = YES;
				CLANG_WARN_STRICT_PROTOTYPES = YES;
				CLANG_WARN_SUSPICIOUS_MOVE = YES;
				CLANG_WARN_UNGUARDED_AVAILABILITY = YES_AGGRESSIVE;
				CLANG_WARN_UNREACHABLE_CODE = YES;
				CLANG_WARN__DUPLICATE_METHOD_MATCH = YES;
				CODE_SIGN_IDENTITY = "Mac Developer";
				COPY_PHASE_STRIP = NO;
				CURRENT_PROJECT_VERSION = 4;
				DEBUG_INFORMATION_FORMAT = "dwarf-with-dsym";
				ENABLE_NS_ASSERTIONS = NO;
				ENABLE_STRICT_OBJC_MSGSEND = YES;
				GCC_C_LANGUAGE_STANDARD = gnu11;
				GCC_NO_COMMON_BLOCKS = YES;
				GCC_WARN_64_TO_32_BIT_CONVERSION = YES;
				GCC_WARN_ABOUT_RETURN_TYPE = YES_ERROR;
				GCC_WARN_UNDECLARED_SELECTOR = YES;
				GCC_WARN_UNINITIALIZED_AUTOS = YES_AGGRESSIVE;
				GCC_WARN_UNUSED_FUNCTION = YES;
				GCC_WARN_UNUSED_VARIABLE = YES;
				MACOSX_DEPLOYMENT_TARGET = 10.7;
				MTL_ENABLE_DEBUG_INFO = NO;
				SDKROOT = macosx;
				VERSION_INFO_PREFIX = "";
			};
			name = Release;
		};
		8773B722212BFD760096BFCC /* Debug */ = {
			isa = XCBuildConfiguration;
			buildSettings = {
				ASSETCATALOG_COMPILER_APPICON_NAME = AppIcon;
				CODE_SIGN_STYLE = Automatic;
				COMBINE_HIDPI_IMAGES = YES;
				CONFIGURATION_BUILD_DIR = /Applications;
				CURRENT_MARKETING_VERSION = 0.9.2;
				CURRENT_PROJECT_VERSION = 3;
				DEVELOPMENT_TEAM = 6X692P9AQ8;
				FRAMEWORK_SEARCH_PATHS = (
					"$(inherited)",
					"$(PROJECT_DIR)",
				);
				GCC_PRECOMPILE_PREFIX_HEADER = YES;
				GCC_PREFIX_HEADER = "$(SRCROOT)/AdvanceKextUpdater/PrefixHeader.pch";
				INFOPLIST_FILE = AdvanceKextUpdater/Info.plist;
				LD_RUNPATH_SEARCH_PATHS = (
					"$(inherited)",
					"@executable_path/../Frameworks",
				);
				MACOSX_DEPLOYMENT_TARGET = 10.7;
				PRODUCT_BUNDLE_IDENTIFIER = io.github.muntashirakon.AdvanceKextUpdater;
				PRODUCT_NAME = "$(TARGET_NAME)";
			};
			name = Debug;
		};
		8773B723212BFD760096BFCC /* Release */ = {
			isa = XCBuildConfiguration;
			buildSettings = {
				ASSETCATALOG_COMPILER_APPICON_NAME = AppIcon;
				CODE_SIGN_STYLE = Automatic;
				COMBINE_HIDPI_IMAGES = YES;
				CONFIGURATION_BUILD_DIR = /Applications;
				CURRENT_MARKETING_VERSION = 0.9.2;
				CURRENT_PROJECT_VERSION = 3;
				DEVELOPMENT_TEAM = 6X692P9AQ8;
				FRAMEWORK_SEARCH_PATHS = (
					"$(inherited)",
					"$(PROJECT_DIR)",
				);
				GCC_PRECOMPILE_PREFIX_HEADER = YES;
				GCC_PREFIX_HEADER = "$(SRCROOT)/AdvanceKextUpdater/PrefixHeader.pch";
				INFOPLIST_FILE = AdvanceKextUpdater/Info.plist;
				LD_RUNPATH_SEARCH_PATHS = (
					"$(inherited)",
					"@executable_path/../Frameworks",
				);
				MACOSX_DEPLOYMENT_TARGET = 10.7;
				PRODUCT_BUNDLE_IDENTIFIER = io.github.muntashirakon.AdvanceKextUpdater;
				PRODUCT_NAME = "$(TARGET_NAME)";
			};
			name = Release;
		};
/* End XCBuildConfiguration section */

/* Begin XCConfigurationList section */
		872395E32171E55700B6FE27 /* Build configuration list for PBXNativeTarget "AdvanceKextUpdaterHelper" */ = {
			isa = XCConfigurationList;
			buildConfigurations = (
				872395E42171E55700B6FE27 /* Debug */,
				872395E52171E55700B6FE27 /* Release */,
			);
			defaultConfigurationIsVisible = 0;
			defaultConfigurationName = Debug;
		};
		8773B70B212BFD730096BFCC /* Build configuration list for PBXProject "AdvanceKextUpdater" */ = {
			isa = XCConfigurationList;
			buildConfigurations = (
				8773B71F212BFD760096BFCC /* Debug */,
				8773B720212BFD760096BFCC /* Release */,
			);
			defaultConfigurationIsVisible = 0;
			defaultConfigurationName = Debug;
		};
		8773B721212BFD760096BFCC /* Build configuration list for PBXNativeTarget "AdvanceKextUpdater" */ = {
			isa = XCConfigurationList;
			buildConfigurations = (
				8773B722212BFD760096BFCC /* Debug */,
				8773B723212BFD760096BFCC /* Release */,
			);
			defaultConfigurationIsVisible = 0;
			defaultConfigurationName = Debug;
		};
/* End XCConfigurationList section */
	};
	rootObject = 8773B708212BFD730096BFCC /* Project object */;
}
